
Microsoft Visual Studio Solution File, Format Version 12.00
# Visual Studio Version 16
VisualStudioVersion = 16.0.31624.102
MinimumVisualStudioVersion = 10.0.40219.1
Project("{FAE04EC0-301F-11D3-BF4B-00C04F79EFBC}") = "VegeRest", "VegeRest\VegeRest.csproj", "{460A9E7E-18B1-41AF-9C01-1751B90A01A5}"
EndProject
Project("{FAE04EC0-301F-11D3-BF4B-00C04F79EFBC}") = "VegeRestAPI", "VegeRestAPI\VegeRestAPI.csproj", "{F83F8BFB-C779-4964-9EDD-5F7093D2DCAE}"
EndProject
Global
	GlobalSection(SolutionConfigurationPlatforms) = preSolution
		Debug|Any CPU = Debug|Any CPU
		Release|Any CPU = Release|Any CPU
	EndGlobalSection
	GlobalSection(ProjectConfigurationPlatforms) = postSolution
		{460A9E7E-18B1-41AF-9C01-1751B90A01A5}.Debug|Any CPU.ActiveCfg = Debug|Any CPU
		{460A9E7E-18B1-41AF-9C01-1751B90A01A5}.Debug|Any CPU.Build.0 = Debug|Any CPU
		{460A9E7E-18B1-41AF-9C01-1751B90A01A5}.Release|Any CPU.ActiveCfg = Release|Any CPU
		{460A9E7E-18B1-41AF-9C01-1751B90A01A5}.Release|Any CPU.Build.0 = Release|Any CPU
		{F83F8BFB-C779-4964-9EDD-5F7093D2DCAE}.Debug|Any CPU.ActiveCfg = Debug|Any CPU
		{F83F8BFB-C779-4964-9EDD-5F7093D2DCAE}.Debug|Any CPU.Build.0 = Debug|Any CPU
		{F83F8BFB-C779-4964-9EDD-5F7093D2DCAE}.Release|Any CPU.ActiveCfg = Release|Any CPU
		{F83F8BFB-C779-4964-9EDD-5F7093D2DCAE}.Release|Any CPU.Build.0 = Release|Any CPU
	EndGlobalSection
	GlobalSection(SolutionProperties) = preSolution
		HideSolutionNode = FALSE
	EndGlobalSection
	GlobalSection(ExtensibilityGlobals) = postSolution
		SolutionGuid = {60FF6637-5062-4440-BE87-5F0CF5667530}
	EndGlobalSection
EndGlobal
